
Microsoft Visual Studio Solution File, Format Version 12.00
# Visual Studio Version 17
VisualStudioVersion = 17.3.32804.467
MinimumVisualStudioVersion = 10.0.40219.1
Project("{FAE04EC0-301F-11D3-BF4B-00C04F79EFBC}") = "MvcBookStore", "MvcBookStore\MvcBookStore.csproj", "{8E3C2CA8-5D7B-4EB6-A7E0-B991C3005BCE}"
EndProject
Global
	GlobalSection(SolutionConfigurationPlatforms) = preSolution
		Debug|Any CPU = Debug|Any CPU
		Release|Any CPU = Release|Any CPU
	EndGlobalSection
	GlobalSection(ProjectConfigurationPlatforms) = postSolution
		{8E3C2CA8-5D7B-4EB6-A7E0-B991C3005BCE}.Debug|Any CPU.ActiveCfg = Debug|Any CPU
		{8E3C2CA8-5D7B-4EB6-A7E0-B991C3005BCE}.Debug|Any CPU.Build.0 = Debug|Any CPU
		{8E3C2CA8-5D7B-4EB6-A7E0-B991C3005BCE}.Release|Any CPU.ActiveCfg = Release|Any CPU
		{8E3C2CA8-5D7B-4EB6-A7E0-B991C3005BCE}.Release|Any CPU.Build.0 = Release|Any CPU
	EndGlobalSection
	GlobalSection(SolutionProperties) = preSolution
		HideSolutionNode = FALSE
	EndGlobalSection
	GlobalSection(ExtensibilityGlobals) = postSolution
		SolutionGuid = {D4B79F79-0F43-4AC7-86E3-1359C401588B}
	EndGlobalSection
EndGlobal
